// !$*UTF8*$!
{
	archiveVersion = 1;
	classes = {
	};
	objectVersion = 50;
	objects = {

/* Begin PBXBuildFile section */
		7AF36F50259BFBA200A932DA /* Unquenched_BibleApp.swift in Sources */ = {isa = PBXBuildFile; fileRef = 7AF36F4F259BFBA200A932DA /* Unquenched_BibleApp.swift */; };
		7AF36F52259BFBA200A932DA /* ContentView.swift in Sources */ = {isa = PBXBuildFile; fileRef = 7AF36F51259BFBA200A932DA /* ContentView.swift */; };
		7AF36F54259BFBA400A932DA /* Assets.xcassets in Resources */ = {isa = PBXBuildFile; fileRef = 7AF36F53259BFBA400A932DA /* Assets.xcassets */; };
		7AF36F57259BFBA400A932DA /* Preview Assets.xcassets in Resources */ = {isa = PBXBuildFile; fileRef = 7AF36F56259BFBA400A932DA /* Preview Assets.xcassets */; };
		7AF36F62259BFBA400A932DA /* Unquenched_BibleTests.swift in Sources */ = {isa = PBXBuildFile; fileRef = 7AF36F61259BFBA400A932DA /* Unquenched_BibleTests.swift */; };
		7AF36F6D259BFBA400A932DA /* Unquenched_BibleUITests.swift in Sources */ = {isa = PBXBuildFile; fileRef = 7AF36F6C259BFBA400A932DA /* Unquenched_BibleUITests.swift */; };
/* End PBXBuildFile section */

/* Begin PBXContainerItemProxy section */
		7AF36F5E259BFBA400A932DA /* PBXContainerItemProxy */ = {
			isa = PBXContainerItemProxy;
			containerPortal = 7AF36F44259BFBA200A932DA /* Project object */;
			proxyType = 1;
			remoteGlobalIDString = 7AF36F4B259BFBA200A932DA;
			remoteInfo = "Unquenched Bible";
		};
		7AF36F69259BFBA400A932DA /* PBXContainerItemProxy */ = {
			isa = PBXContainerItemProxy;
			containerPortal = 7AF36F44259BFBA200A932DA /* Project object */;
			proxyType = 1;
			remoteGlobalIDString = 7AF36F4B259BFBA200A932DA;
			remoteInfo = "Unquenched Bible";
		};
/* End PBXContainerItemProxy section */

/* Begin PBXFileReference section */
		7AF36F4C259BFBA200A932DA /* Unquenched Bible.app */ = {isa = PBXFileReference; explicitFileType = wrapper.application; includeInIndex = 0; path = "Unquenched Bible.app"; sourceTree = BUILT_PRODUCTS_DIR; };
		7AF36F4F259BFBA200A932DA /* Unquenched_BibleApp.swift */ = {isa = PBXFileReference; lastKnownFileType = sourcecode.swift; path = Unquenched_BibleApp.swift; sourceTree = "<group>"; };
		7AF36F51259BFBA200A932DA /* ContentView.swift */ = {isa = PBXFileReference; lastKnownFileType = sourcecode.swift; path = ContentView.swift; sourceTree = "<group>"; };
		7AF36F53259BFBA400A932DA /* Assets.xcassets */ = {isa = PBXFileReference; lastKnownFileType = folder.assetcatalog; path = Assets.xcassets; sourceTree = "<group>"; };
		7AF36F56259BFBA400A932DA /* Preview Assets.xcassets */ = {isa = PBXFileReference; lastKnownFileType = folder.assetcatalog; path = "Preview Assets.xcassets"; sourceTree = "<group>"; };
		7AF36F58259BFBA400A932DA /* Info.plist */ = {isa = PBXFileReference; lastKnownFileType = text.plist.xml; path = Info.plist; sourceTree = "<group>"; };
		7AF36F5D259BFBA400A932DA /* Unquenched BibleTests.xctest */ = {isa = PBXFileReference; explicitFileType = wrapper.cfbundle; includeInIndex = 0; path = "Unquenched BibleTests.xctest"; sourceTree = BUILT_PRODUCTS_DIR; };
		7AF36F61259BFBA400A932DA /* Unquenched_BibleTests.swift */ = {isa = PBXFileReference; lastKnownFileType = sourcecode.swift; path = Unquenched_BibleTests.swift; sourceTree = "<group>"; };
		7AF36F63259BFBA400A932DA /* Info.plist */ = {isa = PBXFileReference; lastKnownFileType = text.plist.xml; path = Info.plist; sourceTree = "<group>"; };
		7AF36F68259BFBA400A932DA /* Unquenched BibleUITests.xctest */ = {isa = PBXFileReference; explicitFileType = wrapper.cfbundle; includeInIndex = 0; path = "Unquenched BibleUITests.xctest"; sourceTree = BUILT_PRODUCTS_DIR; };
		7AF36F6C259BFBA400A932DA /* Unquenched_BibleUITests.swift */ = {isa = PBXFileReference; lastKnownFileType = sourcecode.swift; path = Unquenched_BibleUITests.swift; sourceTree = "<group>"; };
		7AF36F6E259BFBA400A932DA /* Info.plist */ = {isa = PBXFileReference; lastKnownFileType = text.plist.xml; path = Info.plist; sourceTree = "<group>"; };
/* End PBXFileReference section */

/* Begin PBXFrameworksBuildPhase section */
		7AF36F49259BFBA200A932DA /* Frameworks */ = {
			isa = PBXFrameworksBuildPhase;
			buildActionMask = 2147483647;
			files = (
			);
			runOnlyForDeploymentPostprocessing = 0;
		};
		7AF36F5A259BFBA400A932DA /* Frameworks */ = {
			isa = PBXFrameworksBuildPhase;
			buildActionMask = 2147483647;
			files = (
			);
			runOnlyForDeploymentPostprocessing = 0;
		};
		7AF36F65259BFBA400A932DA /* Frameworks */ = {
			isa = PBXFrameworksBuildPhase;
			buildActionMask = 2147483647;
			files = (
			);
			runOnlyForDeploymentPostprocessing = 0;
		};
/* End PBXFrameworksBuildPhase section */

/* Begin PBXGroup section */
		7AF36F43259BFBA200A932DA = {
			isa = PBXGroup;
			children = (
				7AF36F4E259BFBA200A932DA /* Unquenched Bible */,
				7AF36F60259BFBA400A932DA /* Unquenched BibleTests */,
				7AF36F6B259BFBA400A932DA /* Unquenched BibleUITests */,
				7AF36F4D259BFBA200A932DA /* Products */,
			);
			sourceTree = "<group>";
		};
		7AF36F4D259BFBA200A932DA /* Products */ = {
			isa = PBXGroup;
			children = (
				7AF36F4C259BFBA200A932DA /* Unquenched Bible.app */,
				7AF36F5D259BFBA400A932DA /* Unquenched BibleTests.xctest */,
				7AF36F68259BFBA400A932DA /* Unquenched BibleUITests.xctest */,
			);
			name = Products;
			sourceTree = "<group>";
		};
		7AF36F4E259BFBA200A932DA /* Unquenched Bible */ = {
			isa = PBXGroup;
			children = (
				7AF36F4F259BFBA200A932DA /* Unquenched_BibleApp.swift */,
				7AF36F51259BFBA200A932DA /* ContentView.swift */,
				7AF36F53259BFBA400A932DA /* Assets.xcassets */,
				7AF36F58259BFBA400A932DA /* Info.plist */,
				7AF36F55259BFBA400A932DA /* Preview Content */,
			);
			path = "Unquenched Bible";
			sourceTree = "<group>";
		};
		7AF36F55259BFBA400A932DA /* Preview Content */ = {
			isa = PBXGroup;
			children = (
				7AF36F56259BFBA400A932DA /* Preview Assets.xcassets */,
			);
			path = "Preview Content";
			sourceTree = "<group>";
		};
		7AF36F60259BFBA400A932DA /* Unquenched BibleTests */ = {
			isa = PBXGroup;
			children = (
				7AF36F61259BFBA400A932DA /* Unquenched_BibleTests.swift */,
				7AF36F63259BFBA400A932DA /* Info.plist */,
			);
			path = "Unquenched BibleTests";
			sourceTree = "<group>";
		};
		7AF36F6B259BFBA400A932DA /* Unquenched BibleUITests */ = {
			isa = PBXGroup;
			children = (
				7AF36F6C259BFBA400A932DA /* Unquenched_BibleUITests.swift */,
				7AF36F6E259BFBA400A932DA /* Info.plist */,
			);
			path = "Unquenched BibleUITests";
			sourceTree = "<group>";
		};
/* End PBXGroup section */

/* Begin PBXNativeTarget section */
		7AF36F4B259BFBA200A932DA /* Unquenched Bible */ = {
			isa = PBXNativeTarget;
			buildConfigurationList = 7AF36F71259BFBA400A932DA /* Build configuration list for PBXNativeTarget "Unquenched Bible" */;
			buildPhases = (
				7AF36F48259BFBA200A932DA /* Sources */,
				7AF36F49259BFBA200A932DA /* Frameworks */,
				7AF36F4A259BFBA200A932DA /* Resources */,
			);
			buildRules = (
			);
			dependencies = (
			);
			name = "Unquenched Bible";
			productName = "Unquenched Bible";
			productReference = 7AF36F4C259BFBA200A932DA /* Unquenched Bible.app */;
			productType = "com.apple.product-type.application";
		};
		7AF36F5C259BFBA400A932DA /* Unquenched BibleTests */ = {
			isa = PBXNativeTarget;
			buildConfigurationList = 7AF36F74259BFBA400A932DA /* Build configuration list for PBXNativeTarget "Unquenched BibleTests" */;
			buildPhases = (
				7AF36F59259BFBA400A932DA /* Sources */,
				7AF36F5A259BFBA400A932DA /* Frameworks */,
				7AF36F5B259BFBA400A932DA /* Resources */,
			);
			buildRules = (
			);
			dependencies = (
				7AF36F5F259BFBA400A932DA /* PBXTargetDependency */,
			);
			name = "Unquenched BibleTests";
			productName = "Unquenched BibleTests";
			productReference = 7AF36F5D259BFBA400A932DA /* Unquenched BibleTests.xctest */;
			productType = "com.apple.product-type.bundle.unit-test";
		};
		7AF36F67259BFBA400A932DA /* Unquenched BibleUITests */ = {
			isa = PBXNativeTarget;
			buildConfigurationList = 7AF36F77259BFBA400A932DA /* Build configuration list for PBXNativeTarget "Unquenched BibleUITests" */;
			buildPhases = (
				7AF36F64259BFBA400A932DA /* Sources */,
				7AF36F65259BFBA400A932DA /* Frameworks */,
				7AF36F66259BFBA400A932DA /* Resources */,
			);
			buildRules = (
			);
			dependencies = (
				7AF36F6A259BFBA400A932DA /* PBXTargetDependency */,
			);
			name = "Unquenched BibleUITests";
			productName = "Unquenched BibleUITests";
			productReference = 7AF36F68259BFBA400A932DA /* Unquenched BibleUITests.xctest */;
			productType = "com.apple.product-type.bundle.ui-testing";
		};
/* End PBXNativeTarget section */

/* Begin PBXProject section */
		7AF36F44259BFBA200A932DA /* Project object */ = {
			isa = PBXProject;
			attributes = {
				LastSwiftUpdateCheck = 1230;
				LastUpgradeCheck = 1230;
				TargetAttributes = {
					7AF36F4B259BFBA200A932DA = {
						CreatedOnToolsVersion = 12.3;
					};
					7AF36F5C259BFBA400A932DA = {
						CreatedOnToolsVersion = 12.3;
						TestTargetID = 7AF36F4B259BFBA200A932DA;
					};
					7AF36F67259BFBA400A932DA = {
						CreatedOnToolsVersion = 12.3;
						TestTargetID = 7AF36F4B259BFBA200A932DA;
					};
				};
			};
			buildConfigurationList = 7AF36F47259BFBA200A932DA /* Build configuration list for PBXProject "Unquenched Bible" */;
			compatibilityVersion = "Xcode 9.3";
			developmentRegion = en;
			hasScannedForEncodings = 0;
			knownRegions = (
				en,
				Base,
			);
			mainGroup = 7AF36F43259BFBA200A932DA;
			productRefGroup = 7AF36F4D259BFBA200A932DA /* Products */;
			projectDirPath = "";
			projectRoot = "";
			targets = (
				7AF36F4B259BFBA200A932DA /* Unquenched Bible */,
				7AF36F5C259BFBA400A932DA /* Unquenched BibleTests */,
				7AF36F67259BFBA400A932DA /* Unquenched BibleUITests */,
			);
		};
/* End PBXProject section */

/* Begin PBXResourcesBuildPhase section */
		7AF36F4A259BFBA200A932DA /* Resources */ = {
			isa = PBXResourcesBuildPhase;
			buildActionMask = 2147483647;
			files = (
				7AF36F57259BFBA400A932DA /* Preview Assets.xcassets in Resources */,
				7AF36F54259BFBA400A932DA /* Assets.xcassets in Resources */,
			);
			runOnlyForDeploymentPostprocessing = 0;
		};
		7AF36F5B259BFBA400A932DA /* Resources */ = {
			isa = PBXResourcesBuildPhase;
			buildActionMask = 2147483647;
			files = (
			);
			runOnlyForDeploymentPostprocessing = 0;
		};
		7AF36F66259BFBA400A932DA /* Resources */ = {
			isa = PBXResourcesBuildPhase;
			buildActionMask = 2147483647;
			files = (
			);
			runOnlyForDeploymentPostprocessing = 0;
		};
/* End PBXResourcesBuildPhase section */

/* Begin PBXSourcesBuildPhase section */
		7AF36F48259BFBA200A932DA /* Sources */ = {
			isa = PBXSourcesBuildPhase;
			buildActionMask = 2147483647;
			files = (
				7AF36F52259BFBA200A932DA /* ContentView.swift in Sources */,
				7AF36F50259BFBA200A932DA /* Unquenched_BibleApp.swift in Sources */,
			);
			runOnlyForDeploymentPostprocessing = 0;
		};
		7AF36F59259BFBA400A932DA /* Sources */ = {
			isa = PBXSourcesBuildPhase;
			buildActionMask = 2147483647;
			files = (
				7AF36F62259BFBA400A932DA /* Unquenched_BibleTests.swift in Sources */,
			);
			runOnlyForDeploymentPostprocessing = 0;
		};
		7AF36F64259BFBA400A932DA /* Sources */ = {
			isa = PBXSourcesBuildPhase;
			buildActionMask = 2147483647;
			files = (
				7AF36F6D259BFBA400A932DA /* Unquenched_BibleUITests.swift in Sources */,
			);
			runOnlyForDeploymentPostprocessing = 0;
		};
/* End PBXSourcesBuildPhase section */

/* Begin PBXTargetDependency section */
		7AF36F5F259BFBA400A932DA /* PBXTargetDependency */ = {
			isa = PBXTargetDependency;
			target = 7AF36F4B259BFBA200A932DA /* Unquenched Bible */;
			targetProxy = 7AF36F5E259BFBA400A932DA /* PBXContainerItemProxy */;
		};
		7AF36F6A259BFBA400A932DA /* PBXTargetDependency */ = {
			isa = PBXTargetDependency;
			target = 7AF36F4B259BFBA200A932DA /* Unquenched Bible */;
			targetProxy = 7AF36F69259BFBA400A932DA /* PBXContainerItemProxy */;
		};
/* End PBXTargetDependency section */

/* Begin XCBuildConfiguration section */
		7AF36F6F259BFBA400A932DA /* Debug */ = {
			isa = XCBuildConfiguration;
			buildSettings = {
				ALWAYS_SEARCH_USER_PATHS = NO;
				CLANG_ANALYZER_NONNULL = YES;
				CLANG_ANALYZER_NUMBER_OBJECT_CONVERSION = YES_AGGRESSIVE;
				CLANG_CXX_LANGUAGE_STANDARD = "gnu++14";
				CLANG_CXX_LIBRARY = "libc++";
				CLANG_ENABLE_MODULES = YES;
				CLANG_ENABLE_OBJC_ARC = YES;
				CLANG_ENABLE_OBJC_WEAK = YES;
				CLANG_WARN_BLOCK_CAPTURE_AUTORELEASING = YES;
				CLANG_WARN_BOOL_CONVERSION = YES;
				CLANG_WARN_COMMA = YES;
				CLANG_WARN_CONSTANT_CONVERSION = YES;
				CLANG_WARN_DEPRECATED_OBJC_IMPLEMENTATIONS = YES;
				CLANG_WARN_DIRECT_OBJC_ISA_USAGE = YES_ERROR;
				CLANG_WARN_DOCUMENTATION_COMMENTS = YES;
				CLANG_WARN_EMPTY_BODY = YES;
				CLANG_WARN_ENUM_CONVERSION = YES;
				CLANG_WARN_INFINITE_RECURSION = YES;
				CLANG_WARN_INT_CONVERSION = YES;
				CLANG_WARN_NON_LITERAL_NULL_CONVERSION = YES;
				CLANG_WARN_OBJC_IMPLICIT_RETAIN_SELF = YES;
				CLANG_WARN_OBJC_LITERAL_CONVERSION = YES;
				CLANG_WARN_OBJC_ROOT_CLASS = YES_ERROR;
				CLANG_WARN_QUOTED_INCLUDE_IN_FRAMEWORK_HEADER = YES;
				CLANG_WARN_RANGE_LOOP_ANALYSIS = YES;
				CLANG_WARN_STRICT_PROTOTYPES = YES;
				CLANG_WARN_SUSPICIOUS_MOVE = YES;
				CLANG_WARN_UNGUARDED_AVAILABILITY = YES_AGGRESSIVE;
				CLANG_WARN_UNREACHABLE_CODE = YES;
				CLANG_WARN__DUPLICATE_METHOD_MATCH = YES;
				COPY_PHASE_STRIP = NO;
				DEBUG_INFORMATION_FORMAT = dwarf;
				ENABLE_STRICT_OBJC_MSGSEND = YES;
				ENABLE_TESTABILITY = YES;
				GCC_C_LANGUAGE_STANDARD = gnu11;
				GCC_DYNAMIC_NO_PIC = NO;
				GCC_NO_COMMON_BLOCKS = YES;
				GCC_OPTIMIZATION_LEVEL = 0;
				GCC_PREPROCESSOR_DEFINITIONS = (
					"DEBUG=1",
					"$(inherited)",
				);
				GCC_WARN_64_TO_32_BIT_CONVERSION = YES;
				GCC_WARN_ABOUT_RETURN_TYPE = YES_ERROR;
				GCC_WARN_UNDECLARED_SELECTOR = YES;
				GCC_WARN_UNINITIALIZED_AUTOS = YES_AGGRESSIVE;
				GCC_WARN_UNUSED_FUNCTION = YES;
				GCC_WARN_UNUSED_VARIABLE = YES;
				IPHONEOS_DEPLOYMENT_TARGET = 14.3;
				MTL_ENABLE_DEBUG_INFO = INCLUDE_SOURCE;
				MTL_FAST_MATH = YES;
				ONLY_ACTIVE_ARCH = YES;
				SDKROOT = iphoneos;
				SWIFT_ACTIVE_COMPILATION_CONDITIONS = DEBUG;
				SWIFT_OPTIMIZATION_LEVEL = "-Onone";
			};
			name = Debug;
		};
		7AF36F70259BFBA400A932DA /* Release */ = {
			isa = XCBuildConfiguration;
			buildSettings = {
				ALWAYS_SEARCH_USER_PATHS = NO;
				CLANG_ANALYZER_NONNULL = YES;
				CLANG_ANALYZER_NUMBER_OBJECT_CONVERSION = YES_AGGRESSIVE;
				CLANG_CXX_LANGUAGE_STANDARD = "gnu++14";
				CLANG_CXX_LIBRARY = "libc++";
				CLANG_ENABLE_MODULES = YES;
				CLANG_ENABLE_OBJC_ARC = YES;
				CLANG_ENABLE_OBJC_WEAK = YES;
				CLANG_WARN_BLOCK_CAPTURE_AUTORELEASING = YES;
				CLANG_WARN_BOOL_CONVERSION = YES;
				CLANG_WARN_COMMA = YES;
				CLANG_WARN_CONSTANT_CONVERSION = YES;
				CLANG_WARN_DEPRECATED_OBJC_IMPLEMENTATIONS = YES;
				CLANG_WARN_DIRECT_OBJC_ISA_USAGE = YES_ERROR;
				CLANG_WARN_DOCUMENTATION_COMMENTS = YES;
				CLANG_WARN_EMPTY_BODY = YES;
				CLANG_WARN_ENUM_CONVERSION = YES;
				CLANG_WARN_INFINITE_RECURSION = YES;
				CLANG_WARN_INT_CONVERSION = YES;
				CLANG_WARN_NON_LITERAL_NULL_CONVERSION = YES;
				CLANG_WARN_OBJC_IMPLICIT_RETAIN_SELF = YES;
				CLANG_WARN_OBJC_LITERAL_CONVERSION = YES;
				CLANG_WARN_OBJC_ROOT_CLASS = YES_ERROR;
				CLANG_WARN_QUOTED_INCLUDE_IN_FRAMEWORK_HEADER = YES;
				CLANG_WARN_RANGE_LOOP_ANALYSIS = YES;
				CLANG_WARN_STRICT_PROTOTYPES = YES;
				CLANG_WARN_SUSPICIOUS_MOVE = YES;
				CLANG_WARN_UNGUARDED_AVAILABILITY = YES_AGGRESSIVE;
				CLANG_WARN_UNREACHABLE_CODE = YES;
				CLANG_WARN__DUPLICATE_METHOD_MATCH = YES;
				COPY_PHASE_STRIP = NO;
				DEBUG_INFORMATION_FORMAT = "dwarf-with-dsym";
				ENABLE_NS_ASSERTIONS = NO;
				ENABLE_STRICT_OBJC_MSGSEND = YES;
				GCC_C_LANGUAGE_STANDARD = gnu11;
				GCC_NO_COMMON_BLOCKS = YES;
				GCC_WARN_64_TO_32_BIT_CONVERSION = YES;
				GCC_WARN_ABOUT_RETURN_TYPE = YES_ERROR;
				GCC_WARN_UNDECLARED_SELECTOR = YES;
				GCC_WARN_UNINITIALIZED_AUTOS = YES_AGGRESSIVE;
				GCC_WARN_UNUSED_FUNCTION = YES;
				GCC_WARN_UNUSED_VARIABLE = YES;
				IPHONEOS_DEPLOYMENT_TARGET = 14.3;
				MTL_ENABLE_DEBUG_INFO = NO;
				MTL_FAST_MATH = YES;
				SDKROOT = iphoneos;
				SWIFT_COMPILATION_MODE = wholemodule;
				SWIFT_OPTIMIZATION_LEVEL = "-O";
				VALIDATE_PRODUCT = YES;
			};
			name = Release;
		};
		7AF36F72259BFBA400A932DA /* Debug */ = {
			isa = XCBuildConfiguration;
			buildSettings = {
				ASSETCATALOG_COMPILER_APPICON_NAME = AppIcon;
				ASSETCATALOG_COMPILER_GLOBAL_ACCENT_COLOR_NAME = AccentColor;
				CODE_SIGN_STYLE = Automatic;
				DEVELOPMENT_ASSET_PATHS = "\"Unquenched Bible/Preview Content\"";
				ENABLE_PREVIEWS = YES;
				INFOPLIST_FILE = "Unquenched Bible/Info.plist";
				IPHONEOS_DEPLOYMENT_TARGET = 14.0;
				LD_RUNPATH_SEARCH_PATHS = (
					"$(inherited)",
					"@executable_path/Frameworks",
				);
				PRODUCT_BUNDLE_IDENTIFIER = "com.theunquenchedservant.Unquenched-Bible";
				PRODUCT_NAME = "$(TARGET_NAME)";
				SWIFT_VERSION = 5.0;
				TARGETED_DEVICE_FAMILY = "1,2";
			};
			name = Debug;
		};
		7AF36F73259BFBA400A932DA /* Release */ = {
			isa = XCBuildConfiguration;
			buildSettings = {
				ASSETCATALOG_COMPILER_APPICON_NAME = AppIcon;
				ASSETCATALOG_COMPILER_GLOBAL_ACCENT_COLOR_NAME = AccentColor;
				CODE_SIGN_STYLE = Automatic;
				DEVELOPMENT_ASSET_PATHS = "\"Unquenched Bible/Preview Content\"";
				ENABLE_PREVIEWS = YES;
				INFOPLIST_FILE = "Unquenched Bible/Info.plist";
				IPHONEOS_DEPLOYMENT_TARGET = 14.0;
				LD_RUNPATH_SEARCH_PATHS = (
					"$(inherited)",
					"@executable_path/Frameworks",
				);
				PRODUCT_BUNDLE_IDENTIFIER = "com.theunquenchedservant.Unquenched-Bible";
				PRODUCT_NAME = "$(TARGET_NAME)";
				SWIFT_VERSION = 5.0;
				TARGETED_DEVICE_FAMILY = "1,2";
			};
			name = Release;
		};
		7AF36F75259BFBA400A932DA /* Debug */ = {
			isa = XCBuildConfiguration;
			buildSettings = {
				ALWAYS_EMBED_SWIFT_STANDARD_LIBRARIES = YES;
				BUNDLE_LOADER = "$(TEST_HOST)";
				CODE_SIGN_STYLE = Automatic;
				INFOPLIST_FILE = "Unquenched BibleTests/Info.plist";
				IPHONEOS_DEPLOYMENT_TARGET = 14.0;
				LD_RUNPATH_SEARCH_PATHS = (
					"$(inherited)",
					"@executable_path/Frameworks",
					"@loader_path/Frameworks",
				);
				PRODUCT_BUNDLE_IDENTIFIER = "com.theunquenchedservant.Unquenched-BibleTests";
				PRODUCT_NAME = "$(TARGET_NAME)";
				SWIFT_VERSION = 5.0;
				TARGETED_DEVICE_FAMILY = "1,2";
				TEST_HOST = "$(BUILT_PRODUCTS_DIR)/Unquenched Bible.app/Unquenched Bible";
			};
			name = Debug;
		};
		7AF36F76259BFBA400A932DA /* Release */ = {
			isa = XCBuildConfiguration;
			buildSettings = {
				ALWAYS_EMBED_SWIFT_STANDARD_LIBRARIES = YES;
				BUNDLE_LOADER = "$(TEST_HOST)";
				CODE_SIGN_STYLE = Automatic;
				INFOPLIST_FILE = "Unquenched BibleTests/Info.plist";
				IPHONEOS_DEPLOYMENT_TARGET = 14.0;
				LD_RUNPATH_SEARCH_PATHS = (
					"$(inherited)",
					"@executable_path/Frameworks",
					"@loader_path/Frameworks",
				);
				PRODUCT_BUNDLE_IDENTIFIER = "com.theunquenchedservant.Unquenched-BibleTests";
				PRODUCT_NAME = "$(TARGET_NAME)";
				SWIFT_VERSION = 5.0;
				TARGETED_DEVICE_FAMILY = "1,2";
				TEST_HOST = "$(BUILT_PRODUCTS_DIR)/Unquenched Bible.app/Unquenched Bible";
			};
			name = Release;
		};
		7AF36F78259BFBA400A932DA /* Debug */ = {
			isa = XCBuildConfiguration;
			buildSettings = {
				ALWAYS_EMBED_SWIFT_STANDARD_LIBRARIES = YES;
				CODE_SIGN_STYLE = Automatic;
				INFOPLIST_FILE = "Unquenched BibleUITests/Info.plist";
				LD_RUNPATH_SEARCH_PATHS = (
					"$(inherited)",
					"@executable_path/Frameworks",
					"@loader_path/Frameworks",
				);
				PRODUCT_BUNDLE_IDENTIFIER = "com.theunquenchedservant.Unquenched-BibleUITests";
				PRODUCT_NAME = "$(TARGET_NAME)";
				SWIFT_VERSION = 5.0;
				TARGETED_DEVICE_FAMILY = "1,2";
				TEST_TARGET_NAME = "Unquenched Bible";
			};
			name = Debug;
		};
		7AF36F79259BFBA400A932DA /* Release */ = {
			isa = XCBuildConfiguration;
			buildSettings = {
				ALWAYS_EMBED_SWIFT_STANDARD_LIBRARIES = YES;
				CODE_SIGN_STYLE = Automatic;
				INFOPLIST_FILE = "Unquenched BibleUITests/Info.plist";
				LD_RUNPATH_SEARCH_PATHS = (
					"$(inherited)",
					"@executable_path/Frameworks",
					"@loader_path/Frameworks",
				);
				PRODUCT_BUNDLE_IDENTIFIER = "com.theunquenchedservant.Unquenched-BibleUITests";
				PRODUCT_NAME = "$(TARGET_NAME)";
				SWIFT_VERSION = 5.0;
				TARGETED_DEVICE_FAMILY = "1,2";
				TEST_TARGET_NAME = "Unquenched Bible";
			};
			name = Release;
		};
/* End XCBuildConfiguration section */

/* Begin XCConfigurationList section */
		7AF36F47259BFBA200A932DA /* Build configuration list for PBXProject "Unquenched Bible" */ = {
			isa = XCConfigurationList;
			buildConfigurations = (
				7AF36F6F259BFBA400A932DA /* Debug */,
				7AF36F70259BFBA400A932DA /* Release */,
			);
			defaultConfigurationIsVisible = 0;
			defaultConfigurationName = Release;
		};
		7AF36F71259BFBA400A932DA /* Build configuration list for PBXNativeTarget "Unquenched Bible" */ = {
			isa = XCConfigurationList;
			buildConfigurations = (
				7AF36F72259BFBA400A932DA /* Debug */,
				7AF36F73259BFBA400A932DA /* Release */,
			);
			defaultConfigurationIsVisible = 0;
			defaultConfigurationName = Release;
		};
		7AF36F74259BFBA400A932DA /* Build configuration list for PBXNativeTarget "Unquenched BibleTests" */ = {
			isa = XCConfigurationList;
			buildConfigurations = (
				7AF36F75259BFBA400A932DA /* Debug */,
				7AF36F76259BFBA400A932DA /* Release */,
			);
			defaultConfigurationIsVisible = 0;
			defaultConfigurationName = Release;
		};
		7AF36F77259BFBA400A932DA /* Build configuration list for PBXNativeTarget "Unquenched BibleUITests" */ = {
			isa = XCConfigurationList;
			buildConfigurations = (
				7AF36F78259BFBA400A932DA /* Debug */,
				7AF36F79259BFBA400A932DA /* Release */,
			);
			defaultConfigurationIsVisible = 0;
			defaultConfigurationName = Release;
		};
/* End XCConfigurationList section */
	};
	rootObject = 7AF36F44259BFBA200A932DA /* Project object */;
}
